
Microsoft Visual Studio Solution File, Format Version 12.00
# Visual Studio Version 17
VisualStudioVersion = 17.3.32922.545
MinimumVisualStudioVersion = 10.0.40219.1
Project("{FAE04EC0-301F-11D3-BF4B-00C04F79EFBC}") = "BuilderDP", "BuilderDP\BuilderDP.csproj", "{4622F2A0-53A1-4427-81AD-B30C4D1B6DB1}"
EndProject
Project("{FAE04EC0-301F-11D3-BF4B-00C04F79EFBC}") = "BuilderRealExample", "BuilderRealExample\BuilderRealExample.csproj", "{658308C5-4576-40A8-A3D8-6C5E3323E9BE}"
EndProject
Global
	GlobalSection(SolutionConfigurationPlatforms) = preSolution
		Debug|Any CPU = Debug|Any CPU
		Release|Any CPU = Release|Any CPU
	EndGlobalSection
	GlobalSection(ProjectConfigurationPlatforms) = postSolution
		{4622F2A0-53A1-4427-81AD-B30C4D1B6DB1}.Debug|Any CPU.ActiveCfg = Debug|Any CPU
		{4622F2A0-53A1-4427-81AD-B30C4D1B6DB1}.Debug|Any CPU.Build.0 = Debug|Any CPU
		{4622F2A0-53A1-4427-81AD-B30C4D1B6DB1}.Release|Any CPU.ActiveCfg = Release|Any CPU
		{4622F2A0-53A1-4427-81AD-B30C4D1B6DB1}.Release|Any CPU.Build.0 = Release|Any CPU
		{658308C5-4576-40A8-A3D8-6C5E3323E9BE}.Debug|Any CPU.ActiveCfg = Debug|Any CPU
		{658308C5-4576-40A8-A3D8-6C5E3323E9BE}.Debug|Any CPU.Build.0 = Debug|Any CPU
		{658308C5-4576-40A8-A3D8-6C5E3323E9BE}.Release|Any CPU.ActiveCfg = Release|Any CPU
		{658308C5-4576-40A8-A3D8-6C5E3323E9BE}.Release|Any CPU.Build.0 = Release|Any CPU
	EndGlobalSection
	GlobalSection(SolutionProperties) = preSolution
		HideSolutionNode = FALSE
	EndGlobalSection
	GlobalSection(ExtensibilityGlobals) = postSolution
		SolutionGuid = {CFED0C31-8469-46FC-BF47-E02CEB342DA0}
	EndGlobalSection
EndGlobal
